
Microsoft Visual Studio Solution File, Format Version 12.00
Project("{FAE04EC0-301F-11D3-BF4B-00C04F79EFBC}") = "Shop", "Shop\Shop.csproj", "{7153AD89-AF72-43D3-9A22-7217ED418BEF}"
EndProject
Project("{FAE04EC0-301F-11D3-BF4B-00C04F79EFBC}") = "Shop.Tests", "Shop.Tests\Shop.Tests.csproj", "{E5426821-988D-4DBB-B59D-411BB75284A6}"
EndProject
Global
	GlobalSection(SolutionConfigurationPlatforms) = preSolution
		Debug|Any CPU = Debug|Any CPU
		Release|Any CPU = Release|Any CPU
	EndGlobalSection
	GlobalSection(ProjectConfigurationPlatforms) = postSolution
		{7153AD89-AF72-43D3-9A22-7217ED418BEF}.Debug|Any CPU.ActiveCfg = Debug|Any CPU
		{7153AD89-AF72-43D3-9A22-7217ED418BEF}.Debug|Any CPU.Build.0 = Debug|Any CPU
		{7153AD89-AF72-43D3-9A22-7217ED418BEF}.Release|Any CPU.ActiveCfg = Release|Any CPU
		{7153AD89-AF72-43D3-9A22-7217ED418BEF}.Release|Any CPU.Build.0 = Release|Any CPU
		{E5426821-988D-4DBB-B59D-411BB75284A6}.Debug|Any CPU.ActiveCfg = Debug|Any CPU
		{E5426821-988D-4DBB-B59D-411BB75284A6}.Debug|Any CPU.Build.0 = Debug|Any CPU
		{E5426821-988D-4DBB-B59D-411BB75284A6}.Release|Any CPU.ActiveCfg = Release|Any CPU
		{E5426821-988D-4DBB-B59D-411BB75284A6}.Release|Any CPU.Build.0 = Release|Any CPU
	EndGlobalSection
EndGlobal
